
Microsoft Visual Studio Solution File, Format Version 12.00
# Visual Studio Version 17
VisualStudioVersion = 17.14.36705.20
MinimumVisualStudioVersion = 10.0.40219.1
Project("{FAE04EC0-301F-11D3-BF4B-00C04F79EFBC}") = "API", "API\API.csproj", "{0A05E2A4-2CC9-461C-A7E2-910F233E0078}"
EndProject
Project("{FAE04EC0-301F-11D3-BF4B-00C04F79EFBC}") = "Shared", "Shared\Shared.csproj", "{97719DB9-F318-4380-A7B8-14AB6B3A2B72}"
EndProject
Project("{FAE04EC0-301F-11D3-BF4B-00C04F79EFBC}") = "Web", "Web\Web.csproj", "{154DE115-5969-41D5-876C-929EF96F41E0}"
EndProject
Global
	GlobalSection(SolutionConfigurationPlatforms) = preSolution
		Debug|Any CPU = Debug|Any CPU
		Release|Any CPU = Release|Any CPU
	EndGlobalSection
	GlobalSection(ProjectConfigurationPlatforms) = postSolution
		{0A05E2A4-2CC9-461C-A7E2-910F233E0078}.Debug|Any CPU.ActiveCfg = Debug|Any CPU
		{0A05E2A4-2CC9-461C-A7E2-910F233E0078}.Debug|Any CPU.Build.0 = Debug|Any CPU
		{0A05E2A4-2CC9-461C-A7E2-910F233E0078}.Release|Any CPU.ActiveCfg = Release|Any CPU
		{0A05E2A4-2CC9-461C-A7E2-910F233E0078}.Release|Any CPU.Build.0 = Release|Any CPU
		{97719DB9-F318-4380-A7B8-14AB6B3A2B72}.Debug|Any CPU.ActiveCfg = Debug|Any CPU
		{97719DB9-F318-4380-A7B8-14AB6B3A2B72}.Debug|Any CPU.Build.0 = Debug|Any CPU
		{97719DB9-F318-4380-A7B8-14AB6B3A2B72}.Release|Any CPU.ActiveCfg = Release|Any CPU
		{97719DB9-F318-4380-A7B8-14AB6B3A2B72}.Release|Any CPU.Build.0 = Release|Any CPU
		{154DE115-5969-41D5-876C-929EF96F41E0}.Debug|Any CPU.ActiveCfg = Debug|Any CPU
		{154DE115-5969-41D5-876C-929EF96F41E0}.Debug|Any CPU.Build.0 = Debug|Any CPU
		{154DE115-5969-41D5-876C-929EF96F41E0}.Release|Any CPU.ActiveCfg = Release|Any CPU
		{154DE115-5969-41D5-876C-929EF96F41E0}.Release|Any CPU.Build.0 = Release|Any CPU
	EndGlobalSection
	GlobalSection(SolutionProperties) = preSolution
		HideSolutionNode = FALSE
	EndGlobalSection
	GlobalSection(ExtensibilityGlobals) = postSolution
		SolutionGuid = {E575D96D-2376-49C8-878F-7F3E81126BF9}
	EndGlobalSection
EndGlobal
